{
  "name": "the-quote-card-express",
  "version": "1.0.0",
  "lockfileVersion": 3,
  "requires": true,
  "packages": {
    "": {
      "name": "the-quote-card-express",
      "version": "1.0.0",
      "license": "ISC",
      "dependencies": {
        "the-quote-card-express": "file:"
      }
    },
    "node_modules/the-quote-card-express": {
      "resolved": "",
      "link": true
    }
  }
}
